// !$*UTF8*$!
{
	archiveVersion = 1;
	classes = {
	};
	objectVersion = 51;
	objects = {

/* Begin PBXBuildFile section */
		A1B8B117E285690CBCE1B595 /* Pods_MovieListTests.framework in Frameworks */ = {isa = PBXBuildFile; fileRef = 0C97FDD19F5C185AF20082E1 /* Pods_MovieListTests.framework */; };
		E8D0511B5AABDD456D76B3A1 /* Pods_MovieList.framework in Frameworks */ = {isa = PBXBuildFile; fileRef = 4F6C77FE6DA412D769751720 /* Pods_MovieList.framework */; };
		FA0C1F322478591300897E8F /* UIView.swift in Sources */ = {isa = PBXBuildFile; fileRef = FA0C1F312478591300897E8F /* UIView.swift */; };
		FA0C1F3624785B9E00897E8F /* MovieCell.swift in Sources */ = {isa = PBXBuildFile; fileRef = FA0C1F3424785B9E00897E8F /* MovieCell.swift */; };
		FA0C1F3724785B9E00897E8F /* MovieCell.xib in Resources */ = {isa = PBXBuildFile; fileRef = FA0C1F3524785B9E00897E8F /* MovieCell.xib */; };
		FA193AFE24784CEF00C79C3F /* MovieListViewController.xib in Resources */ = {isa = PBXBuildFile; fileRef = FA193AFD24784CEF00C79C3F /* MovieListViewController.xib */; };
		FA193B0224784EB900C79C3F /* NSNotificationName.swift in Sources */ = {isa = PBXBuildFile; fileRef = FA193B0124784EB900C79C3F /* NSNotificationName.swift */; };
		FA193B0424784FBA00C79C3F /* RemoteConfigValues.swift in Sources */ = {isa = PBXBuildFile; fileRef = FA193B0324784FBA00C79C3F /* RemoteConfigValues.swift */; };
		FA2DA979247882FA0003C405 /* MovieListViewModel.swift in Sources */ = {isa = PBXBuildFile; fileRef = FA2DA978247882FA0003C405 /* MovieListViewModel.swift */; };
		FA2DA97E247883780003C405 /* MovieDetailViewController.swift in Sources */ = {isa = PBXBuildFile; fileRef = FA2DA97C247883780003C405 /* MovieDetailViewController.swift */; };
		FA2DA97F247883780003C405 /* MovieDetailViewController.xib in Resources */ = {isa = PBXBuildFile; fileRef = FA2DA97D247883780003C405 /* MovieDetailViewController.xib */; };
		FA2DA981247883910003C405 /* MovieDetailViewModel.swift in Sources */ = {isa = PBXBuildFile; fileRef = FA2DA980247883910003C405 /* MovieDetailViewModel.swift */; };
		FA2DA9842479110A0003C405 /* Network.swift in Sources */ = {isa = PBXBuildFile; fileRef = FA2DA9832479110A0003C405 /* Network.swift */; };
		FA2DA987247920D40003C405 /* MovieListRequest.swift in Sources */ = {isa = PBXBuildFile; fileRef = FA2DA986247920D40003C405 /* MovieListRequest.swift */; };
		FA2DA98A247926780003C405 /* Movie.swift in Sources */ = {isa = PBXBuildFile; fileRef = FA2DA989247926780003C405 /* Movie.swift */; };
		FA2DA98C247929FD0003C405 /* Constants.swift in Sources */ = {isa = PBXBuildFile; fileRef = FA2DA98B247929FD0003C405 /* Constants.swift */; };
		FA2DA98E24794A1F0003C405 /* FadeAnimation.swift in Sources */ = {isa = PBXBuildFile; fileRef = FA2DA98D24794A1F0003C405 /* FadeAnimation.swift */; };
		FA2DA9902479554C0003C405 /* MovieDetailRequest.swift in Sources */ = {isa = PBXBuildFile; fileRef = FA2DA98F2479554C0003C405 /* MovieDetailRequest.swift */; };
		FA2DA9942479558B0003C405 /* MovieDetail.swift in Sources */ = {isa = PBXBuildFile; fileRef = FA2DA9932479558B0003C405 /* MovieDetail.swift */; };
		FA2DA997247961AB0003C405 /* LoadingIndicator.swift in Sources */ = {isa = PBXBuildFile; fileRef = FA2DA996247961AB0003C405 /* LoadingIndicator.swift */; };
		FA2DA999247973CC0003C405 /* AnalyticsEvent.swift in Sources */ = {isa = PBXBuildFile; fileRef = FA2DA998247973CC0003C405 /* AnalyticsEvent.swift */; };
		FA31C4B824783B910075A9E3 /* BaseViewController.swift in Sources */ = {isa = PBXBuildFile; fileRef = FA31C4B724783B910075A9E3 /* BaseViewController.swift */; };
		FA7EE77324782971007857BA /* AppDelegate.swift in Sources */ = {isa = PBXBuildFile; fileRef = FA7EE77224782971007857BA /* AppDelegate.swift */; };
		FA7EE77524782971007857BA /* SceneDelegate.swift in Sources */ = {isa = PBXBuildFile; fileRef = FA7EE77424782971007857BA /* SceneDelegate.swift */; };
		FA7EE77724782971007857BA /* MovieListViewController.swift in Sources */ = {isa = PBXBuildFile; fileRef = FA7EE77624782971007857BA /* MovieListViewController.swift */; };
		FA7EE77A24782971007857BA /* Main.storyboard in Resources */ = {isa = PBXBuildFile; fileRef = FA7EE77824782971007857BA /* Main.storyboard */; };
		FA7EE77C24782975007857BA /* Assets.xcassets in Resources */ = {isa = PBXBuildFile; fileRef = FA7EE77B24782975007857BA /* Assets.xcassets */; };
		FA7EE77F24782975007857BA /* LaunchScreen.storyboard in Resources */ = {isa = PBXBuildFile; fileRef = FA7EE77D24782975007857BA /* LaunchScreen.storyboard */; };
		FA7EE78A24782976007857BA /* MovieListTests.swift in Sources */ = {isa = PBXBuildFile; fileRef = FA7EE78924782976007857BA /* MovieListTests.swift */; };
		FA7EE79624782B83007857BA /* SplashViewController.swift in Sources */ = {isa = PBXBuildFile; fileRef = FA7EE79424782B83007857BA /* SplashViewController.swift */; };
		FA7EE79724782B83007857BA /* SplashViewController.xib in Resources */ = {isa = PBXBuildFile; fileRef = FA7EE79524782B83007857BA /* SplashViewController.xib */; };
		FAEFAE8A24782F1400020419 /* GoogleService-Info.plist in Resources */ = {isa = PBXBuildFile; fileRef = FAEFAE8924782F1400020419 /* GoogleService-Info.plist */; };
		FAEFAE8D2478300800020419 /* DependencyManager.swift in Sources */ = {isa = PBXBuildFile; fileRef = FAEFAE8C2478300800020419 /* DependencyManager.swift */; };
		FAEFAE8F2478340E00020419 /* RemoteConfigManager.swift in Sources */ = {isa = PBXBuildFile; fileRef = FAEFAE8E2478340E00020419 /* RemoteConfigManager.swift */; };
		FAEFAE912478368300020419 /* RemoteConfigDefaultValues.plist in Resources */ = {isa = PBXBuildFile; fileRef = FAEFAE902478368300020419 /* RemoteConfigDefaultValues.plist */; };
/* End PBXBuildFile section */

/* Begin PBXContainerItemProxy section */
		FA7EE78624782976007857BA /* PBXContainerItemProxy */ = {
			isa = PBXContainerItemProxy;
			containerPortal = FA7EE76724782971007857BA /* Project object */;
			proxyType = 1;
			remoteGlobalIDString = FA7EE76E24782971007857BA;
			remoteInfo = MovieList;
		};
/* End PBXContainerItemProxy section */

/* Begin PBXFileReference section */
		0C97FDD19F5C185AF20082E1 /* Pods_MovieListTests.framework */ = {isa = PBXFileReference; explicitFileType = wrapper.framework; includeInIndex = 0; path = Pods_MovieListTests.framework; sourceTree = BUILT_PRODUCTS_DIR; };
		224048458C87FA2A34CD59D5 /* Pods-MovieListTests.debug.xcconfig */ = {isa = PBXFileReference; includeInIndex = 1; lastKnownFileType = text.xcconfig; name = "Pods-MovieListTests.debug.xcconfig"; path = "Target Support Files/Pods-MovieListTests/Pods-MovieListTests.debug.xcconfig"; sourceTree = "<group>"; };
		3FC8844B564901B748A04F99 /* Pods-MovieList.release.xcconfig */ = {isa = PBXFileReference; includeInIndex = 1; lastKnownFileType = text.xcconfig; name = "Pods-MovieList.release.xcconfig"; path = "Target Support Files/Pods-MovieList/Pods-MovieList.release.xcconfig"; sourceTree = "<group>"; };
		4F6C77FE6DA412D769751720 /* Pods_MovieList.framework */ = {isa = PBXFileReference; explicitFileType = wrapper.framework; includeInIndex = 0; path = Pods_MovieList.framework; sourceTree = BUILT_PRODUCTS_DIR; };
		71A4E6CB6B72E2B202FAC763 /* Pods-MovieListTests.release.xcconfig */ = {isa = PBXFileReference; includeInIndex = 1; lastKnownFileType = text.xcconfig; name = "Pods-MovieListTests.release.xcconfig"; path = "Target Support Files/Pods-MovieListTests/Pods-MovieListTests.release.xcconfig"; sourceTree = "<group>"; };
		8DA3808F3C0FBCA7AAE8052B /* Pods-MovieList.debug.xcconfig */ = {isa = PBXFileReference; includeInIndex = 1; lastKnownFileType = text.xcconfig; name = "Pods-MovieList.debug.xcconfig"; path = "Target Support Files/Pods-MovieList/Pods-MovieList.debug.xcconfig"; sourceTree = "<group>"; };
		FA0C1F312478591300897E8F /* UIView.swift */ = {isa = PBXFileReference; lastKnownFileType = sourcecode.swift; path = UIView.swift; sourceTree = "<group>"; };
		FA0C1F3424785B9E00897E8F /* MovieCell.swift */ = {isa = PBXFileReference; lastKnownFileType = sourcecode.swift; path = MovieCell.swift; sourceTree = "<group>"; };
		FA0C1F3524785B9E00897E8F /* MovieCell.xib */ = {isa = PBXFileReference; lastKnownFileType = file.xib; path = MovieCell.xib; sourceTree = "<group>"; };
		FA193AFD24784CEF00C79C3F /* MovieListViewController.xib */ = {isa = PBXFileReference; lastKnownFileType = file.xib; path = MovieListViewController.xib; sourceTree = "<group>"; };
		FA193B0124784EB900C79C3F /* NSNotificationName.swift */ = {isa = PBXFileReference; lastKnownFileType = sourcecode.swift; path = NSNotificationName.swift; sourceTree = "<group>"; };
		FA193B0324784FBA00C79C3F /* RemoteConfigValues.swift */ = {isa = PBXFileReference; lastKnownFileType = sourcecode.swift; path = RemoteConfigValues.swift; sourceTree = "<group>"; };
		FA2DA978247882FA0003C405 /* MovieListViewModel.swift */ = {isa = PBXFileReference; lastKnownFileType = sourcecode.swift; path = MovieListViewModel.swift; sourceTree = "<group>"; };
		FA2DA97C247883780003C405 /* MovieDetailViewController.swift */ = {isa = PBXFileReference; lastKnownFileType = sourcecode.swift; path = MovieDetailViewController.swift; sourceTree = "<group>"; };
		FA2DA97D247883780003C405 /* MovieDetailViewController.xib */ = {isa = PBXFileReference; lastKnownFileType = file.xib; path = MovieDetailViewController.xib; sourceTree = "<group>"; };
		FA2DA980247883910003C405 /* MovieDetailViewModel.swift */ = {isa = PBXFileReference; lastKnownFileType = sourcecode.swift; path = MovieDetailViewModel.swift; sourceTree = "<group>"; };
		FA2DA9832479110A0003C405 /* Network.swift */ = {isa = PBXFileReference; lastKnownFileType = sourcecode.swift; path = Network.swift; sourceTree = "<group>"; };
		FA2DA986247920D40003C405 /* MovieListRequest.swift */ = {isa = PBXFileReference; lastKnownFileType = sourcecode.swift; path = MovieListRequest.swift; sourceTree = "<group>"; };
		FA2DA989247926780003C405 /* Movie.swift */ = {isa = PBXFileReference; lastKnownFileType = sourcecode.swift; path = Movie.swift; sourceTree = "<group>"; };
		FA2DA98B247929FD0003C405 /* Constants.swift */ = {isa = PBXFileReference; lastKnownFileType = sourcecode.swift; path = Constants.swift; sourceTree = "<group>"; };
		FA2DA98D24794A1F0003C405 /* FadeAnimation.swift */ = {isa = PBXFileReference; lastKnownFileType = sourcecode.swift; path = FadeAnimation.swift; sourceTree = "<group>"; };
		FA2DA98F2479554C0003C405 /* MovieDetailRequest.swift */ = {isa = PBXFileReference; lastKnownFileType = sourcecode.swift; path = MovieDetailRequest.swift; sourceTree = "<group>"; };
		FA2DA9932479558B0003C405 /* MovieDetail.swift */ = {isa = PBXFileReference; lastKnownFileType = sourcecode.swift; path = MovieDetail.swift; sourceTree = "<group>"; };
		FA2DA996247961AB0003C405 /* LoadingIndicator.swift */ = {isa = PBXFileReference; lastKnownFileType = sourcecode.swift; path = LoadingIndicator.swift; sourceTree = "<group>"; };
		FA2DA998247973CC0003C405 /* AnalyticsEvent.swift */ = {isa = PBXFileReference; lastKnownFileType = sourcecode.swift; path = AnalyticsEvent.swift; sourceTree = "<group>"; };
		FA31C4B724783B910075A9E3 /* BaseViewController.swift */ = {isa = PBXFileReference; lastKnownFileType = sourcecode.swift; path = BaseViewController.swift; sourceTree = "<group>"; };
		FA7EE76F24782971007857BA /* MovieList.app */ = {isa = PBXFileReference; explicitFileType = wrapper.application; includeInIndex = 0; path = MovieList.app; sourceTree = BUILT_PRODUCTS_DIR; };
		FA7EE77224782971007857BA /* AppDelegate.swift */ = {isa = PBXFileReference; lastKnownFileType = sourcecode.swift; path = AppDelegate.swift; sourceTree = "<group>"; };
		FA7EE77424782971007857BA /* SceneDelegate.swift */ = {isa = PBXFileReference; lastKnownFileType = sourcecode.swift; path = SceneDelegate.swift; sourceTree = "<group>"; };
		FA7EE77624782971007857BA /* MovieListViewController.swift */ = {isa = PBXFileReference; lastKnownFileType = sourcecode.swift; path = MovieListViewController.swift; sourceTree = "<group>"; };
		FA7EE77924782971007857BA /* Base */ = {isa = PBXFileReference; lastKnownFileType = file.storyboard; name = Base; path = Base.lproj/Main.storyboard; sourceTree = "<group>"; };
		FA7EE77B24782975007857BA /* Assets.xcassets */ = {isa = PBXFileReference; lastKnownFileType = folder.assetcatalog; path = Assets.xcassets; sourceTree = "<group>"; };
		FA7EE77E24782975007857BA /* Base */ = {isa = PBXFileReference; lastKnownFileType = file.storyboard; name = Base; path = Base.lproj/LaunchScreen.storyboard; sourceTree = "<group>"; };
		FA7EE78024782975007857BA /* Info.plist */ = {isa = PBXFileReference; lastKnownFileType = text.plist.xml; path = Info.plist; sourceTree = "<group>"; };
		FA7EE78524782976007857BA /* MovieListTests.xctest */ = {isa = PBXFileReference; explicitFileType = wrapper.cfbundle; includeInIndex = 0; path = MovieListTests.xctest; sourceTree = BUILT_PRODUCTS_DIR; };
		FA7EE78924782976007857BA /* MovieListTests.swift */ = {isa = PBXFileReference; lastKnownFileType = sourcecode.swift; path = MovieListTests.swift; sourceTree = "<group>"; };
		FA7EE78B24782976007857BA /* Info.plist */ = {isa = PBXFileReference; lastKnownFileType = text.plist.xml; path = Info.plist; sourceTree = "<group>"; };
		FA7EE79424782B83007857BA /* SplashViewController.swift */ = {isa = PBXFileReference; lastKnownFileType = sourcecode.swift; path = SplashViewController.swift; sourceTree = "<group>"; };
		FA7EE79524782B83007857BA /* SplashViewController.xib */ = {isa = PBXFileReference; lastKnownFileType = file.xib; path = SplashViewController.xib; sourceTree = "<group>"; };
		FAEFAE8924782F1400020419 /* GoogleService-Info.plist */ = {isa = PBXFileReference; fileEncoding = 4; lastKnownFileType = text.plist.xml; path = "GoogleService-Info.plist"; sourceTree = "<group>"; };
		FAEFAE8C2478300800020419 /* DependencyManager.swift */ = {isa = PBXFileReference; lastKnownFileType = sourcecode.swift; path = DependencyManager.swift; sourceTree = "<group>"; };
		FAEFAE8E2478340E00020419 /* RemoteConfigManager.swift */ = {isa = PBXFileReference; lastKnownFileType = sourcecode.swift; path = RemoteConfigManager.swift; sourceTree = "<group>"; };
		FAEFAE902478368300020419 /* RemoteConfigDefaultValues.plist */ = {isa = PBXFileReference; lastKnownFileType = text.plist.xml; path = RemoteConfigDefaultValues.plist; sourceTree = "<group>"; };
/* End PBXFileReference section */

/* Begin PBXFrameworksBuildPhase section */
		FA7EE76C24782971007857BA /* Frameworks */ = {
			isa = PBXFrameworksBuildPhase;
			buildActionMask = 2147483647;
			files = (
				E8D0511B5AABDD456D76B3A1 /* Pods_MovieList.framework in Frameworks */,
			);
			runOnlyForDeploymentPostprocessing = 0;
		};
		FA7EE78224782976007857BA /* Frameworks */ = {
			isa = PBXFrameworksBuildPhase;
			buildActionMask = 2147483647;
			files = (
				A1B8B117E285690CBCE1B595 /* Pods_MovieListTests.framework in Frameworks */,
			);
			runOnlyForDeploymentPostprocessing = 0;
		};
/* End PBXFrameworksBuildPhase section */

/* Begin PBXGroup section */
		2C1586B76B1A06FCA36E3054 /* Frameworks */ = {
			isa = PBXGroup;
			children = (
				4F6C77FE6DA412D769751720 /* Pods_MovieList.framework */,
				0C97FDD19F5C185AF20082E1 /* Pods_MovieListTests.framework */,
			);
			name = Frameworks;
			sourceTree = "<group>";
		};
		D9B89E94CEFE2524961F9597 /* Pods */ = {
			isa = PBXGroup;
			children = (
				8DA3808F3C0FBCA7AAE8052B /* Pods-MovieList.debug.xcconfig */,
				3FC8844B564901B748A04F99 /* Pods-MovieList.release.xcconfig */,
				224048458C87FA2A34CD59D5 /* Pods-MovieListTests.debug.xcconfig */,
				71A4E6CB6B72E2B202FAC763 /* Pods-MovieListTests.release.xcconfig */,
			);
			path = Pods;
			sourceTree = "<group>";
		};
		FA0C1F3324785B7300897E8F /* Cell */ = {
			isa = PBXGroup;
			children = (
				FA0C1F3424785B9E00897E8F /* MovieCell.swift */,
				FA0C1F3524785B9E00897E8F /* MovieCell.xib */,
			);
			path = Cell;
			sourceTree = "<group>";
		};
		FA193AFC24784BF200C79C3F /* MovieList */ = {
			isa = PBXGroup;
			children = (
				FA7EE77624782971007857BA /* MovieListViewController.swift */,
				FA2DA978247882FA0003C405 /* MovieListViewModel.swift */,
				FA193AFD24784CEF00C79C3F /* MovieListViewController.xib */,
				FA0C1F3324785B7300897E8F /* Cell */,
				FA2DA97B247883400003C405 /* MovieDetail */,
			);
			path = MovieList;
			sourceTree = "<group>";
		};
		FA193AFF24784E9500C79C3F /* Utilities */ = {
			isa = PBXGroup;
			children = (
				FA2DA995247961910003C405 /* Animations */,
				FAEFAE8B24782FF200020419 /* Helpers */,
				FA193B0024784EA100C79C3F /* Extensions */,
				FA193B0324784FBA00C79C3F /* RemoteConfigValues.swift */,
				FA2DA98B247929FD0003C405 /* Constants.swift */,
				FA2DA998247973CC0003C405 /* AnalyticsEvent.swift */,
			);
			path = Utilities;
			sourceTree = "<group>";
		};
		FA193B0024784EA100C79C3F /* Extensions */ = {
			isa = PBXGroup;
			children = (
				FA193B0124784EB900C79C3F /* NSNotificationName.swift */,
				FA0C1F312478591300897E8F /* UIView.swift */,
			);
			path = Extensions;
			sourceTree = "<group>";
		};
		FA2DA97B247883400003C405 /* MovieDetail */ = {
			isa = PBXGroup;
			children = (
				FA2DA97C247883780003C405 /* MovieDetailViewController.swift */,
				FA2DA980247883910003C405 /* MovieDetailViewModel.swift */,
				FA2DA97D247883780003C405 /* MovieDetailViewController.xib */,
			);
			path = MovieDetail;
			sourceTree = "<group>";
		};
		FA2DA9822479107D0003C405 /* Network */ = {
			isa = PBXGroup;
			children = (
				FA2DA985247920C20003C405 /* Request */,
				FA2DA9832479110A0003C405 /* Network.swift */,
			);
			path = Network;
			sourceTree = "<group>";
		};
		FA2DA985247920C20003C405 /* Request */ = {
			isa = PBXGroup;
			children = (
				FA2DA986247920D40003C405 /* MovieListRequest.swift */,
				FA2DA98F2479554C0003C405 /* MovieDetailRequest.swift */,
			);
			path = Request;
			sourceTree = "<group>";
		};
		FA2DA988247920FF0003C405 /* Model */ = {
			isa = PBXGroup;
			children = (
				FA2DA9922479557D0003C405 /* MovieDetail */,
				FA2DA991247955750003C405 /* MovieList */,
			);
			path = Model;
			sourceTree = "<group>";
		};
		FA2DA991247955750003C405 /* MovieList */ = {
			isa = PBXGroup;
			children = (
				FA2DA989247926780003C405 /* Movie.swift */,
			);
			path = MovieList;
			sourceTree = "<group>";
		};
		FA2DA9922479557D0003C405 /* MovieDetail */ = {
			isa = PBXGroup;
			children = (
				FA2DA9932479558B0003C405 /* MovieDetail.swift */,
			);
			path = MovieDetail;
			sourceTree = "<group>";
		};
		FA2DA995247961910003C405 /* Animations */ = {
			isa = PBXGroup;
			children = (
				FA2DA98D24794A1F0003C405 /* FadeAnimation.swift */,
				FA2DA996247961AB0003C405 /* LoadingIndicator.swift */,
			);
			path = Animations;
			sourceTree = "<group>";
		};
		FA31C4B524783B6E0075A9E3 /* Base */ = {
			isa = PBXGroup;
			children = (
				FA31C4B724783B910075A9E3 /* BaseViewController.swift */,
			);
			path = Base;
			sourceTree = "<group>";
		};
		FA31C4B624783B770075A9E3 /* Splash */ = {
			isa = PBXGroup;
			children = (
				FA7EE79424782B83007857BA /* SplashViewController.swift */,
				FA7EE79524782B83007857BA /* SplashViewController.xib */,
			);
			path = Splash;
			sourceTree = "<group>";
		};
		FA7EE76624782971007857BA = {
			isa = PBXGroup;
			children = (
				FA7EE77124782971007857BA /* MovieList */,
				FA7EE78824782976007857BA /* MovieListTests */,
				FA7EE77024782971007857BA /* Products */,
				D9B89E94CEFE2524961F9597 /* Pods */,
				2C1586B76B1A06FCA36E3054 /* Frameworks */,
			);
			sourceTree = "<group>";
		};
		FA7EE77024782971007857BA /* Products */ = {
			isa = PBXGroup;
			children = (
				FA7EE76F24782971007857BA /* MovieList.app */,
				FA7EE78524782976007857BA /* MovieListTests.xctest */,
			);
			name = Products;
			sourceTree = "<group>";
		};
		FA7EE77124782971007857BA /* MovieList */ = {
			isa = PBXGroup;
			children = (
				FA7EE79924782B9E007857BA /* Application */,
				FA2DA9822479107D0003C405 /* Network */,
				FA2DA988247920FF0003C405 /* Model */,
				FA7EE79824782B89007857BA /* ViewControllers */,
				FA193AFF24784E9500C79C3F /* Utilities */,
				FA7EE77824782971007857BA /* Main.storyboard */,
				FA7EE77D24782975007857BA /* LaunchScreen.storyboard */,
				FA7EE79A24782BAB007857BA /* Resources */,
				FA7EE78024782975007857BA /* Info.plist */,
				FAEFAE8924782F1400020419 /* GoogleService-Info.plist */,
				FAEFAE902478368300020419 /* RemoteConfigDefaultValues.plist */,
			);
			path = MovieList;
			sourceTree = "<group>";
		};
		FA7EE78824782976007857BA /* MovieListTests */ = {
			isa = PBXGroup;
			children = (
				FA7EE78924782976007857BA /* MovieListTests.swift */,
				FA7EE78B24782976007857BA /* Info.plist */,
			);
			path = MovieListTests;
			sourceTree = "<group>";
		};
		FA7EE79824782B89007857BA /* ViewControllers */ = {
			isa = PBXGroup;
			children = (
				FA31C4B524783B6E0075A9E3 /* Base */,
				FA31C4B624783B770075A9E3 /* Splash */,
				FA193AFC24784BF200C79C3F /* MovieList */,
			);
			path = ViewControllers;
			sourceTree = "<group>";
		};
		FA7EE79924782B9E007857BA /* Application */ = {
			isa = PBXGroup;
			children = (
				FA7EE77224782971007857BA /* AppDelegate.swift */,
				FA7EE77424782971007857BA /* SceneDelegate.swift */,
			);
			path = Application;
			sourceTree = "<group>";
		};
		FA7EE79A24782BAB007857BA /* Resources */ = {
			isa = PBXGroup;
			children = (
				FA7EE77B24782975007857BA /* Assets.xcassets */,
			);
			path = Resources;
			sourceTree = "<group>";
		};
		FAEFAE8B24782FF200020419 /* Helpers */ = {
			isa = PBXGroup;
			children = (
				FAEFAE8C2478300800020419 /* DependencyManager.swift */,
				FAEFAE8E2478340E00020419 /* RemoteConfigManager.swift */,
			);
			path = Helpers;
			sourceTree = "<group>";
		};
/* End PBXGroup section */

/* Begin PBXNativeTarget section */
		FA7EE76E24782971007857BA /* MovieList */ = {
			isa = PBXNativeTarget;
			buildConfigurationList = FA7EE78E24782976007857BA /* Build configuration list for PBXNativeTarget "MovieList" */;
			buildPhases = (
				9D227D7F806CE7571419A22E /* [CP] Check Pods Manifest.lock */,
				FA7EE76B24782971007857BA /* Sources */,
				FA7EE76C24782971007857BA /* Frameworks */,
				FA7EE76D24782971007857BA /* Resources */,
				09F9948C0A9BA19202655DB1 /* [CP] Embed Pods Frameworks */,
			);
			buildRules = (
			);
			dependencies = (
			);
			name = MovieList;
			productName = MovieList;
			productReference = FA7EE76F24782971007857BA /* MovieList.app */;
			productType = "com.apple.product-type.application";
		};
		FA7EE78424782976007857BA /* MovieListTests */ = {
			isa = PBXNativeTarget;
			buildConfigurationList = FA7EE79124782976007857BA /* Build configuration list for PBXNativeTarget "MovieListTests" */;
			buildPhases = (
				A050AE153EDA0F0DE93EC7D1 /* [CP] Check Pods Manifest.lock */,
				FA7EE78124782976007857BA /* Sources */,
				FA7EE78224782976007857BA /* Frameworks */,
				FA7EE78324782976007857BA /* Resources */,
			);
			buildRules = (
			);
			dependencies = (
				FA7EE78724782976007857BA /* PBXTargetDependency */,
			);
			name = MovieListTests;
			productName = MovieListTests;
			productReference = FA7EE78524782976007857BA /* MovieListTests.xctest */;
			productType = "com.apple.product-type.bundle.unit-test";
		};
/* End PBXNativeTarget section */

/* Begin PBXProject section */
		FA7EE76724782971007857BA /* Project object */ = {
			isa = PBXProject;
			attributes = {
				LastSwiftUpdateCheck = 1140;
				LastUpgradeCheck = 1140;
				ORGANIZATIONNAME = "Burak Şentürk";
				TargetAttributes = {
					FA7EE76E24782971007857BA = {
						CreatedOnToolsVersion = 11.4;
					};
					FA7EE78424782976007857BA = {
						CreatedOnToolsVersion = 11.4;
						TestTargetID = FA7EE76E24782971007857BA;
					};
				};
			};
			buildConfigurationList = FA7EE76A24782971007857BA /* Build configuration list for PBXProject "MovieList" */;
			compatibilityVersion = "Xcode 9.3";
			developmentRegion = en;
			hasScannedForEncodings = 0;
			knownRegions = (
				en,
				Base,
			);
			mainGroup = FA7EE76624782971007857BA;
			productRefGroup = FA7EE77024782971007857BA /* Products */;
			projectDirPath = "";
			projectRoot = "";
			targets = (
				FA7EE76E24782971007857BA /* MovieList */,
				FA7EE78424782976007857BA /* MovieListTests */,
			);
		};
/* End PBXProject section */

/* Begin PBXResourcesBuildPhase section */
		FA7EE76D24782971007857BA /* Resources */ = {
			isa = PBXResourcesBuildPhase;
			buildActionMask = 2147483647;
			files = (
				FA2DA97F247883780003C405 /* MovieDetailViewController.xib in Resources */,
				FAEFAE912478368300020419 /* RemoteConfigDefaultValues.plist in Resources */,
				FA7EE77F24782975007857BA /* LaunchScreen.storyboard in Resources */,
				FA193AFE24784CEF00C79C3F /* MovieListViewController.xib in Resources */,
				FA7EE77C24782975007857BA /* Assets.xcassets in Resources */,
				FAEFAE8A24782F1400020419 /* GoogleService-Info.plist in Resources */,
				FA7EE77A24782971007857BA /* Main.storyboard in Resources */,
				FA0C1F3724785B9E00897E8F /* MovieCell.xib in Resources */,
				FA7EE79724782B83007857BA /* SplashViewController.xib in Resources */,
			);
			runOnlyForDeploymentPostprocessing = 0;
		};
		FA7EE78324782976007857BA /* Resources */ = {
			isa = PBXResourcesBuildPhase;
			buildActionMask = 2147483647;
			files = (
			);
			runOnlyForDeploymentPostprocessing = 0;
		};
/* End PBXResourcesBuildPhase section */

/* Begin PBXShellScriptBuildPhase section */
		09F9948C0A9BA19202655DB1 /* [CP] Embed Pods Frameworks */ = {
			isa = PBXShellScriptBuildPhase;
			buildActionMask = 2147483647;
			files = (
			);
			inputFileListPaths = (
				"${PODS_ROOT}/Target Support Files/Pods-MovieList/Pods-MovieList-frameworks-${CONFIGURATION}-input-files.xcfilelist",
			);
			name = "[CP] Embed Pods Frameworks";
			outputFileListPaths = (
				"${PODS_ROOT}/Target Support Files/Pods-MovieList/Pods-MovieList-frameworks-${CONFIGURATION}-output-files.xcfilelist",
			);
			runOnlyForDeploymentPostprocessing = 0;
			shellPath = /bin/sh;
			shellScript = "\"${PODS_ROOT}/Target Support Files/Pods-MovieList/Pods-MovieList-frameworks.sh\"\n";
			showEnvVarsInLog = 0;
		};
		9D227D7F806CE7571419A22E /* [CP] Check Pods Manifest.lock */ = {
			isa = PBXShellScriptBuildPhase;
			buildActionMask = 2147483647;
			files = (
			);
			inputFileListPaths = (
			);
			inputPaths = (
				"${PODS_PODFILE_DIR_PATH}/Podfile.lock",
				"${PODS_ROOT}/Manifest.lock",
			);
			name = "[CP] Check Pods Manifest.lock";
			outputFileListPaths = (
			);
			outputPaths = (
				"$(DERIVED_FILE_DIR)/Pods-MovieList-checkManifestLockResult.txt",
			);
			runOnlyForDeploymentPostprocessing = 0;
			shellPath = /bin/sh;
			shellScript = "diff \"${PODS_PODFILE_DIR_PATH}/Podfile.lock\" \"${PODS_ROOT}/Manifest.lock\" > /dev/null\nif [ $? != 0 ] ; then\n    # print error to STDERR\n    echo \"error: The sandbox is not in sync with the Podfile.lock. Run 'pod install' or update your CocoaPods installation.\" >&2\n    exit 1\nfi\n# This output is used by Xcode 'outputs' to avoid re-running this script phase.\necho \"SUCCESS\" > \"${SCRIPT_OUTPUT_FILE_0}\"\n";
			showEnvVarsInLog = 0;
		};
		A050AE153EDA0F0DE93EC7D1 /* [CP] Check Pods Manifest.lock */ = {
			isa = PBXShellScriptBuildPhase;
			buildActionMask = 2147483647;
			files = (
			);
			inputFileListPaths = (
			);
			inputPaths = (
				"${PODS_PODFILE_DIR_PATH}/Podfile.lock",
				"${PODS_ROOT}/Manifest.lock",
			);
			name = "[CP] Check Pods Manifest.lock";
			outputFileListPaths = (
			);
			outputPaths = (
				"$(DERIVED_FILE_DIR)/Pods-MovieListTests-checkManifestLockResult.txt",
			);
			runOnlyForDeploymentPostprocessing = 0;
			shellPath = /bin/sh;
			shellScript = "diff \"${PODS_PODFILE_DIR_PATH}/Podfile.lock\" \"${PODS_ROOT}/Manifest.lock\" > /dev/null\nif [ $? != 0 ] ; then\n    # print error to STDERR\n    echo \"error: The sandbox is not in sync with the Podfile.lock. Run 'pod install' or update your CocoaPods installation.\" >&2\n    exit 1\nfi\n# This output is used by Xcode 'outputs' to avoid re-running this script phase.\necho \"SUCCESS\" > \"${SCRIPT_OUTPUT_FILE_0}\"\n";
			showEnvVarsInLog = 0;
		};
/* End PBXShellScriptBuildPhase section */

/* Begin PBXSourcesBuildPhase section */
		FA7EE76B24782971007857BA /* Sources */ = {
			isa = PBXSourcesBuildPhase;
			buildActionMask = 2147483647;
			files = (
				FA2DA997247961AB0003C405 /* LoadingIndicator.swift in Sources */,
				FA0C1F322478591300897E8F /* UIView.swift in Sources */,
				FA7EE77724782971007857BA /* MovieListViewController.swift in Sources */,
				FA7EE77324782971007857BA /* AppDelegate.swift in Sources */,
				FA0C1F3624785B9E00897E8F /* MovieCell.swift in Sources */,
				FA2DA97E247883780003C405 /* MovieDetailViewController.swift in Sources */,
				FA2DA9842479110A0003C405 /* Network.swift in Sources */,
				FA2DA999247973CC0003C405 /* AnalyticsEvent.swift in Sources */,
				FA2DA987247920D40003C405 /* MovieListRequest.swift in Sources */,
				FAEFAE8D2478300800020419 /* DependencyManager.swift in Sources */,
				FA7EE77524782971007857BA /* SceneDelegate.swift in Sources */,
				FA193B0424784FBA00C79C3F /* RemoteConfigValues.swift in Sources */,
				FA193B0224784EB900C79C3F /* NSNotificationName.swift in Sources */,
				FA2DA9902479554C0003C405 /* MovieDetailRequest.swift in Sources */,
				FA2DA98E24794A1F0003C405 /* FadeAnimation.swift in Sources */,
				FA7EE79624782B83007857BA /* SplashViewController.swift in Sources */,
				FA31C4B824783B910075A9E3 /* BaseViewController.swift in Sources */,
				FA2DA9942479558B0003C405 /* MovieDetail.swift in Sources */,
				FAEFAE8F2478340E00020419 /* RemoteConfigManager.swift in Sources */,
				FA2DA981247883910003C405 /* MovieDetailViewModel.swift in Sources */,
				FA2DA979247882FA0003C405 /* MovieListViewModel.swift in Sources */,
				FA2DA98A247926780003C405 /* Movie.swift in Sources */,
				FA2DA98C247929FD0003C405 /* Constants.swift in Sources */,
			);
			runOnlyForDeploymentPostprocessing = 0;
		};
		FA7EE78124782976007857BA /* Sources */ = {
			isa = PBXSourcesBuildPhase;
			buildActionMask = 2147483647;
			files = (
				FA7EE78A24782976007857BA /* MovieListTests.swift in Sources */,
			);
			runOnlyForDeploymentPostprocessing = 0;
		};
/* End PBXSourcesBuildPhase section */

/* Begin PBXTargetDependency section */
		FA7EE78724782976007857BA /* PBXTargetDependency */ = {
			isa = PBXTargetDependency;
			target = FA7EE76E24782971007857BA /* MovieList */;
			targetProxy = FA7EE78624782976007857BA /* PBXContainerItemProxy */;
		};
/* End PBXTargetDependency section */

/* Begin PBXVariantGroup section */
		FA7EE77824782971007857BA /* Main.storyboard */ = {
			isa = PBXVariantGroup;
			children = (
				FA7EE77924782971007857BA /* Base */,
			);
			name = Main.storyboard;
			sourceTree = "<group>";
		};
		FA7EE77D24782975007857BA /* LaunchScreen.storyboard */ = {
			isa = PBXVariantGroup;
			children = (
				FA7EE77E24782975007857BA /* Base */,
			);
			name = LaunchScreen.storyboard;
			sourceTree = "<group>";
		};
/* End PBXVariantGroup section */

/* Begin XCBuildConfiguration section */
		FA7EE78C24782976007857BA /* Debug */ = {
			isa = XCBuildConfiguration;
			buildSettings = {
				ALWAYS_SEARCH_USER_PATHS = NO;
				CLANG_ANALYZER_NONNULL = YES;
				CLANG_ANALYZER_NUMBER_OBJECT_CONVERSION = YES_AGGRESSIVE;
				CLANG_CXX_LANGUAGE_STANDARD = "gnu++14";
				CLANG_CXX_LIBRARY = "libc++";
				CLANG_ENABLE_MODULES = YES;
				CLANG_ENABLE_OBJC_ARC = YES;
				CLANG_ENABLE_OBJC_WEAK = YES;
				CLANG_WARN_BLOCK_CAPTURE_AUTORELEASING = YES;
				CLANG_WARN_BOOL_CONVERSION = YES;
				CLANG_WARN_COMMA = YES;
				CLANG_WARN_CONSTANT_CONVERSION = YES;
				CLANG_WARN_DEPRECATED_OBJC_IMPLEMENTATIONS = YES;
				CLANG_WARN_DIRECT_OBJC_ISA_USAGE = YES_ERROR;
				CLANG_WARN_DOCUMENTATION_COMMENTS = YES;
				CLANG_WARN_EMPTY_BODY = YES;
				CLANG_WARN_ENUM_CONVERSION = YES;
				CLANG_WARN_INFINITE_RECURSION = YES;
				CLANG_WARN_INT_CONVERSION = YES;
				CLANG_WARN_NON_LITERAL_NULL_CONVERSION = YES;
				CLANG_WARN_OBJC_IMPLICIT_RETAIN_SELF = YES;
				CLANG_WARN_OBJC_LITERAL_CONVERSION = YES;
				CLANG_WARN_OBJC_ROOT_CLASS = YES_ERROR;
				CLANG_WARN_RANGE_LOOP_ANALYSIS = YES;
				CLANG_WARN_STRICT_PROTOTYPES = YES;
				CLANG_WARN_SUSPICIOUS_MOVE = YES;
				CLANG_WARN_UNGUARDED_AVAILABILITY = YES_AGGRESSIVE;
				CLANG_WARN_UNREACHABLE_CODE = YES;
				CLANG_WARN__DUPLICATE_METHOD_MATCH = YES;
				COPY_PHASE_STRIP = NO;
				DEBUG_INFORMATION_FORMAT = dwarf;
				ENABLE_STRICT_OBJC_MSGSEND = YES;
				ENABLE_TESTABILITY = YES;
				GCC_C_LANGUAGE_STANDARD = gnu11;
				GCC_DYNAMIC_NO_PIC = NO;
				GCC_NO_COMMON_BLOCKS = YES;
				GCC_OPTIMIZATION_LEVEL = 0;
				GCC_PREPROCESSOR_DEFINITIONS = (
					"DEBUG=1",
					"$(inherited)",
				);
				GCC_WARN_64_TO_32_BIT_CONVERSION = YES;
				GCC_WARN_ABOUT_RETURN_TYPE = YES_ERROR;
				GCC_WARN_UNDECLARED_SELECTOR = YES;
				GCC_WARN_UNINITIALIZED_AUTOS = YES_AGGRESSIVE;
				GCC_WARN_UNUSED_FUNCTION = YES;
				GCC_WARN_UNUSED_VARIABLE = YES;
				IPHONEOS_DEPLOYMENT_TARGET = 13.4;
				MTL_ENABLE_DEBUG_INFO = INCLUDE_SOURCE;
				MTL_FAST_MATH = YES;
				ONLY_ACTIVE_ARCH = YES;
				SDKROOT = iphoneos;
				SWIFT_ACTIVE_COMPILATION_CONDITIONS = DEBUG;
				SWIFT_OPTIMIZATION_LEVEL = "-Onone";
			};
			name = Debug;
		};
		FA7EE78D24782976007857BA /* Release */ = {
			isa = XCBuildConfiguration;
			buildSettings = {
				ALWAYS_SEARCH_USER_PATHS = NO;
				CLANG_ANALYZER_NONNULL = YES;
				CLANG_ANALYZER_NUMBER_OBJECT_CONVERSION = YES_AGGRESSIVE;
				CLANG_CXX_LANGUAGE_STANDARD = "gnu++14";
				CLANG_CXX_LIBRARY = "libc++";
				CLANG_ENABLE_MODULES = YES;
				CLANG_ENABLE_OBJC_ARC = YES;
				CLANG_ENABLE_OBJC_WEAK = YES;
				CLANG_WARN_BLOCK_CAPTURE_AUTORELEASING = YES;
				CLANG_WARN_BOOL_CONVERSION = YES;
				CLANG_WARN_COMMA = YES;
				CLANG_WARN_CONSTANT_CONVERSION = YES;
				CLANG_WARN_DEPRECATED_OBJC_IMPLEMENTATIONS = YES;
				CLANG_WARN_DIRECT_OBJC_ISA_USAGE = YES_ERROR;
				CLANG_WARN_DOCUMENTATION_COMMENTS = YES;
				CLANG_WARN_EMPTY_BODY = YES;
				CLANG_WARN_ENUM_CONVERSION = YES;
				CLANG_WARN_INFINITE_RECURSION = YES;
				CLANG_WARN_INT_CONVERSION = YES;
				CLANG_WARN_NON_LITERAL_NULL_CONVERSION = YES;
				CLANG_WARN_OBJC_IMPLICIT_RETAIN_SELF = YES;
				CLANG_WARN_OBJC_LITERAL_CONVERSION = YES;
				CLANG_WARN_OBJC_ROOT_CLASS = YES_ERROR;
				CLANG_WARN_RANGE_LOOP_ANALYSIS = YES;
				CLANG_WARN_STRICT_PROTOTYPES = YES;
				CLANG_WARN_SUSPICIOUS_MOVE = YES;
				CLANG_WARN_UNGUARDED_AVAILABILITY = YES_AGGRESSIVE;
				CLANG_WARN_UNREACHABLE_CODE = YES;
				CLANG_WARN__DUPLICATE_METHOD_MATCH = YES;
				COPY_PHASE_STRIP = NO;
				DEBUG_INFORMATION_FORMAT = "dwarf-with-dsym";
				ENABLE_NS_ASSERTIONS = NO;
				ENABLE_STRICT_OBJC_MSGSEND = YES;
				GCC_C_LANGUAGE_STANDARD = gnu11;
				GCC_NO_COMMON_BLOCKS = YES;
				GCC_WARN_64_TO_32_BIT_CONVERSION = YES;
				GCC_WARN_ABOUT_RETURN_TYPE = YES_ERROR;
				GCC_WARN_UNDECLARED_SELECTOR = YES;
				GCC_WARN_UNINITIALIZED_AUTOS = YES_AGGRESSIVE;
				GCC_WARN_UNUSED_FUNCTION = YES;
				GCC_WARN_UNUSED_VARIABLE = YES;
				IPHONEOS_DEPLOYMENT_TARGET = 13.4;
				MTL_ENABLE_DEBUG_INFO = NO;
				MTL_FAST_MATH = YES;
				SDKROOT = iphoneos;
				SWIFT_COMPILATION_MODE = wholemodule;
				SWIFT_OPTIMIZATION_LEVEL = "-O";
				VALIDATE_PRODUCT = YES;
			};
			name = Release;
		};
		FA7EE78F24782976007857BA /* Debug */ = {
			isa = XCBuildConfiguration;
			baseConfigurationReference = 8DA3808F3C0FBCA7AAE8052B /* Pods-MovieList.debug.xcconfig */;
			buildSettings = {
				ASSETCATALOG_COMPILER_APPICON_NAME = AppIcon;
				CODE_SIGN_STYLE = Automatic;
				DEVELOPMENT_TEAM = 9AZPUYY7BA;
				INFOPLIST_FILE = MovieList/Info.plist;
				IPHONEOS_DEPLOYMENT_TARGET = 13.0;
				LD_RUNPATH_SEARCH_PATHS = (
					"$(inherited)",
					"@executable_path/Frameworks",
				);
				PRODUCT_BUNDLE_IDENTIFIER = com.buraksenturk.MovieList;
				PRODUCT_NAME = "$(TARGET_NAME)";
				SWIFT_VERSION = 5.0;
				TARGETED_DEVICE_FAMILY = "1,2";
			};
			name = Debug;
		};
		FA7EE79024782976007857BA /* Release */ = {
			isa = XCBuildConfiguration;
			baseConfigurationReference = 3FC8844B564901B748A04F99 /* Pods-MovieList.release.xcconfig */;
			buildSettings = {
				ASSETCATALOG_COMPILER_APPICON_NAME = AppIcon;
				CODE_SIGN_STYLE = Automatic;
				DEVELOPMENT_TEAM = 9AZPUYY7BA;
				INFOPLIST_FILE = MovieList/Info.plist;
				IPHONEOS_DEPLOYMENT_TARGET = 13.0;
				LD_RUNPATH_SEARCH_PATHS = (
					"$(inherited)",
					"@executable_path/Frameworks",
				);
				PRODUCT_BUNDLE_IDENTIFIER = com.buraksenturk.MovieList;
				PRODUCT_NAME = "$(TARGET_NAME)";
				SWIFT_VERSION = 5.0;
				TARGETED_DEVICE_FAMILY = "1,2";
			};
			name = Release;
		};
		FA7EE79224782976007857BA /* Debug */ = {
			isa = XCBuildConfiguration;
			baseConfigurationReference = 224048458C87FA2A34CD59D5 /* Pods-MovieListTests.debug.xcconfig */;
			buildSettings = {
				ALWAYS_EMBED_SWIFT_STANDARD_LIBRARIES = YES;
				BUNDLE_LOADER = "$(TEST_HOST)";
				CODE_SIGN_STYLE = Automatic;
				DEVELOPMENT_TEAM = 9AZPUYY7BA;
				INFOPLIST_FILE = MovieListTests/Info.plist;
				IPHONEOS_DEPLOYMENT_TARGET = 13.4;
				LD_RUNPATH_SEARCH_PATHS = (
					"$(inherited)",
					"@executable_path/Frameworks",
					"@loader_path/Frameworks",
				);
				PRODUCT_BUNDLE_IDENTIFIER = com.buraksenturk.MovieListTests;
				PRODUCT_NAME = "$(TARGET_NAME)";
				SWIFT_VERSION = 5.0;
				TARGETED_DEVICE_FAMILY = "1,2";
				TEST_HOST = "$(BUILT_PRODUCTS_DIR)/MovieList.app/MovieList";
			};
			name = Debug;
		};
		FA7EE79324782976007857BA /* Release */ = {
			isa = XCBuildConfiguration;
			baseConfigurationReference = 71A4E6CB6B72E2B202FAC763 /* Pods-MovieListTests.release.xcconfig */;
			buildSettings = {
				ALWAYS_EMBED_SWIFT_STANDARD_LIBRARIES = YES;
				BUNDLE_LOADER = "$(TEST_HOST)";
				CODE_SIGN_STYLE = Automatic;
				DEVELOPMENT_TEAM = 9AZPUYY7BA;
				INFOPLIST_FILE = MovieListTests/Info.plist;
				IPHONEOS_DEPLOYMENT_TARGET = 13.4;
				LD_RUNPATH_SEARCH_PATHS = (
					"$(inherited)",
					"@executable_path/Frameworks",
					"@loader_path/Frameworks",
				);
				PRODUCT_BUNDLE_IDENTIFIER = com.buraksenturk.MovieListTests;
				PRODUCT_NAME = "$(TARGET_NAME)";
				SWIFT_VERSION = 5.0;
				TARGETED_DEVICE_FAMILY = "1,2";
				TEST_HOST = "$(BUILT_PRODUCTS_DIR)/MovieList.app/MovieList";
			};
			name = Release;
		};
/* End XCBuildConfiguration section */

/* Begin XCConfigurationList section */
		FA7EE76A24782971007857BA /* Build configuration list for PBXProject "MovieList" */ = {
			isa = XCConfigurationList;
			buildConfigurations = (
				FA7EE78C24782976007857BA /* Debug */,
				FA7EE78D24782976007857BA /* Release */,
			);
			defaultConfigurationIsVisible = 0;
			defaultConfigurationName = Release;
		};
		FA7EE78E24782976007857BA /* Build configuration list for PBXNativeTarget "MovieList" */ = {
			isa = XCConfigurationList;
			buildConfigurations = (
				FA7EE78F24782976007857BA /* Debug */,
				FA7EE79024782976007857BA /* Release */,
			);
			defaultConfigurationIsVisible = 0;
			defaultConfigurationName = Release;
		};
		FA7EE79124782976007857BA /* Build configuration list for PBXNativeTarget "MovieListTests" */ = {
			isa = XCConfigurationList;
			buildConfigurations = (
				FA7EE79224782976007857BA /* Debug */,
				FA7EE79324782976007857BA /* Release */,
			);
			defaultConfigurationIsVisible = 0;
			defaultConfigurationName = Release;
		};
/* End XCConfigurationList section */
	};
	rootObject = FA7EE76724782971007857BA /* Project object */;
}
